
Microsoft Visual Studio Solution File, Format Version 12.00
# Visual Studio 15
VisualStudioVersion = 15.0.28307.572
MinimumVisualStudioVersion = 10.0.40219.1
Project("{FAE04EC0-301F-11D3-BF4B-00C04F79EFBC}") = "WindowsFormsApp1", "WindowsFormsApp1\WindowsFormsApp1.csproj", "{DCEF93D4-2A3D-465D-A341-FBFDDA972E4C}"
EndProject
Global
	GlobalSection(SolutionConfigurationPlatforms) = preSolution
		Debug|Any CPU = Debug|Any CPU
		Release|Any CPU = Release|Any CPU
	EndGlobalSection
	GlobalSection(ProjectConfigurationPlatforms) = postSolution
		{DCEF93D4-2A3D-465D-A341-FBFDDA972E4C}.Debug|Any CPU.ActiveCfg = Debug|Any CPU
		{DCEF93D4-2A3D-465D-A341-FBFDDA972E4C}.Debug|Any CPU.Build.0 = Debug|Any CPU
		{DCEF93D4-2A3D-465D-A341-FBFDDA972E4C}.Release|Any CPU.ActiveCfg = Release|Any CPU
		{DCEF93D4-2A3D-465D-A341-FBFDDA972E4C}.Release|Any CPU.Build.0 = Release|Any CPU
	EndGlobalSection
	GlobalSection(SolutionProperties) = preSolution
		HideSolutionNode = FALSE
	EndGlobalSection
	GlobalSection(ExtensibilityGlobals) = postSolution
		SolutionGuid = {A394922F-AA7E-47DB-A14F-2035E924BB85}
	EndGlobalSection
EndGlobal
